
Microsoft Visual Studio Solution File, Format Version 12.00
# Visual Studio Version 17
VisualStudioVersion = 17.5.002.0
MinimumVisualStudioVersion = 10.0.40219.1
Project("{2150E333-8FDC-42A3-9474-1A3956D46DE8}") = "GenieLog", "GenieLog", "{D95C8290-D664-4FA6-A5F7-D41651E7FFF5}"
EndProject
Project("{9A19103F-16F7-4668-BE54-9A1E7A4F7556}") = "EFTodo", "GenieLog\EFTodo\EFTodo.csproj", "{E8128589-B33E-4BD5-90D2-69E8144AE389}"
EndProject
Project("{2150E333-8FDC-42A3-9474-1A3956D46DE8}") = "TD_IA", "TD_IA", "{06F0C14E-62A7-4412-92E1-87E6E4ED067B}"
EndProject
Project("{9A19103F-16F7-4668-BE54-9A1E7A4F7556}") = "TD1", "TD_IA\TD1\TD1.csproj", "{BB8D9DA4-218B-42A6-9A3B-8CF4BBAF5C61}"
EndProject
Global
	GlobalSection(SolutionConfigurationPlatforms) = preSolution
		Debug|Any CPU = Debug|Any CPU
		Release|Any CPU = Release|Any CPU
	EndGlobalSection
	GlobalSection(ProjectConfigurationPlatforms) = postSolution
		{E8128589-B33E-4BD5-90D2-69E8144AE389}.Debug|Any CPU.ActiveCfg = Debug|Any CPU
		{E8128589-B33E-4BD5-90D2-69E8144AE389}.Debug|Any CPU.Build.0 = Debug|Any CPU
		{E8128589-B33E-4BD5-90D2-69E8144AE389}.Release|Any CPU.ActiveCfg = Release|Any CPU
		{E8128589-B33E-4BD5-90D2-69E8144AE389}.Release|Any CPU.Build.0 = Release|Any CPU
		{BB8D9DA4-218B-42A6-9A3B-8CF4BBAF5C61}.Debug|Any CPU.ActiveCfg = Debug|Any CPU
		{BB8D9DA4-218B-42A6-9A3B-8CF4BBAF5C61}.Debug|Any CPU.Build.0 = Debug|Any CPU
		{BB8D9DA4-218B-42A6-9A3B-8CF4BBAF5C61}.Release|Any CPU.ActiveCfg = Release|Any CPU
		{BB8D9DA4-218B-42A6-9A3B-8CF4BBAF5C61}.Release|Any CPU.Build.0 = Release|Any CPU
	EndGlobalSection
	GlobalSection(SolutionProperties) = preSolution
		HideSolutionNode = FALSE
	EndGlobalSection
	GlobalSection(NestedProjects) = preSolution
		{E8128589-B33E-4BD5-90D2-69E8144AE389} = {D95C8290-D664-4FA6-A5F7-D41651E7FFF5}
		{BB8D9DA4-218B-42A6-9A3B-8CF4BBAF5C61} = {06F0C14E-62A7-4412-92E1-87E6E4ED067B}
	EndGlobalSection
	GlobalSection(ExtensibilityGlobals) = postSolution
		SolutionGuid = {DD7E2EA6-FD8D-48EB-8E70-F2EA286F2AFD}
	EndGlobalSection
EndGlobal
